{
  "name": "command-line-args",
  "version": "6.0.0",
  "lockfileVersion": 3,
  "requires": true,
  "packages": {
    "": {
      "name": "command-line-args",
      "version": "6.0.0",
      "license": "MIT",
      "dependencies": {
        "array-back": "^6.2.2"
      },
      "devDependencies": {
        "test-runner": "^0.12.0-8"
      },
      "engines": {
        "node": ">=12.20"
      },
      "peerDependencies": {
        "@75lb/nature": "latest"
      },
      "peerDependenciesMeta": {
        "@75lb/nature": {
          "optional": true
        }
      }
    },
    "node_modules/ansi-escape-sequences": {
      "version": "6.2.3",
      "resolved": "https://registry.npmjs.org/ansi-escape-sequences/-/ansi-escape-sequences-6.2.3.tgz",
      "integrity": "sha512-lzuF7kIXSuwEmKYSwU0sV+EaPe8ICZIIuajO3vlx82ypiAzbUbxuw8M94cyf+pM4gJp5rsPBmMAu3CjC37nPmQ==",
      "dev": true,
      "license": "MIT",
      "dependencies": {
        "array-back": "^6.2.2"
      },
      "engines": {
        "node": ">=12.17"
      },
      "peerDependencies": {
        "@75lb/nature": "latest"
      },
      "peerDependenciesMeta": {
        "@75lb/nature": {
          "optional": true
        }
      }
    },
    "node_modules/array-back": {
      "version": "6.2.2",
      "resolved": "https://registry.npmjs.org/array-back/-/array-back-6.2.2.tgz",
      "integrity": "sha512-gUAZ7HPyb4SJczXAMUXMGAvI976JoK3qEx9v1FTmeYuJj0IBiaKttG1ydtGKdkfqWkIkouke7nG8ufGy77+Cvw==",
      "license": "MIT",
      "engines": {
        "node": ">=12.17"
      }
    },
    "node_modules/test-runner": {
      "version": "0.12.0-8",
      "resolved": "https://registry.npmjs.org/test-runner/-/test-runner-0.12.0-8.tgz",
      "integrity": "sha512-yMpSYoThjimlpySwPMjhXr1e1MRbOStmITQgE07z9BokqlzW7vT2HhK1plQMVYN5wAxJGBcp8AjMmb9lzzBsZA==",
      "dev": true,
      "license": "MIT",
      "dependencies": {
        "ansi-escape-sequences": "^6.2.2"
      },
      "bin": {
        "test-runner": "bin/cli.js"
      },
      "engines": {
        "node": ">=12.17"
      }
    }
  }
}
